// !$*UTF8*$!
{
	archiveVersion = 1;
	classes = {
	};
	objectVersion = 50;
	objects = {

/* Begin PBXBuildFile section */
		4B7B08D5266E874A002661B7 /* AppDelegate.swift in Sources */ = {isa = PBXBuildFile; fileRef = 4B7B08D4266E874A002661B7 /* AppDelegate.swift */; };
		4B7B08D7266E874A002661B7 /* SceneDelegate.swift in Sources */ = {isa = PBXBuildFile; fileRef = 4B7B08D6266E874A002661B7 /* SceneDelegate.swift */; };
		4B7B08D9266E874A002661B7 /* ViewController.swift in Sources */ = {isa = PBXBuildFile; fileRef = 4B7B08D8266E874A002661B7 /* ViewController.swift */; };
		4B7B08DC266E874A002661B7 /* Main.storyboard in Resources */ = {isa = PBXBuildFile; fileRef = 4B7B08DA266E874A002661B7 /* Main.storyboard */; };
		4B7B08DE266E874B002661B7 /* Assets.xcassets in Resources */ = {isa = PBXBuildFile; fileRef = 4B7B08DD266E874B002661B7 /* Assets.xcassets */; };
		4B7B08E1266E874B002661B7 /* LaunchScreen.storyboard in Resources */ = {isa = PBXBuildFile; fileRef = 4B7B08DF266E874B002661B7 /* LaunchScreen.storyboard */; };
		4B7B08EC266E874B002661B7 /* I_am_HamsterTests.swift in Sources */ = {isa = PBXBuildFile; fileRef = 4B7B08EB266E874B002661B7 /* I_am_HamsterTests.swift */; };
		4B7B08F7266E874B002661B7 /* I_am_HamsterUITests.swift in Sources */ = {isa = PBXBuildFile; fileRef = 4B7B08F6266E874B002661B7 /* I_am_HamsterUITests.swift */; };
/* End PBXBuildFile section */

/* Begin PBXContainerItemProxy section */
		4B7B08E8266E874B002661B7 /* PBXContainerItemProxy */ = {
			isa = PBXContainerItemProxy;
			containerPortal = 4B7B08C9266E874A002661B7 /* Project object */;
			proxyType = 1;
			remoteGlobalIDString = 4B7B08D0266E874A002661B7;
			remoteInfo = "I am Hamster";
		};
		4B7B08F3266E874B002661B7 /* PBXContainerItemProxy */ = {
			isa = PBXContainerItemProxy;
			containerPortal = 4B7B08C9266E874A002661B7 /* Project object */;
			proxyType = 1;
			remoteGlobalIDString = 4B7B08D0266E874A002661B7;
			remoteInfo = "I am Hamster";
		};
/* End PBXContainerItemProxy section */

/* Begin PBXFileReference section */
		4B7B08D1266E874A002661B7 /* I am Hamster.app */ = {isa = PBXFileReference; explicitFileType = wrapper.application; includeInIndex = 0; path = "I am Hamster.app"; sourceTree = BUILT_PRODUCTS_DIR; };
		4B7B08D4266E874A002661B7 /* AppDelegate.swift */ = {isa = PBXFileReference; lastKnownFileType = sourcecode.swift; path = AppDelegate.swift; sourceTree = "<group>"; };
		4B7B08D6266E874A002661B7 /* SceneDelegate.swift */ = {isa = PBXFileReference; lastKnownFileType = sourcecode.swift; path = SceneDelegate.swift; sourceTree = "<group>"; };
		4B7B08D8266E874A002661B7 /* ViewController.swift */ = {isa = PBXFileReference; lastKnownFileType = sourcecode.swift; path = ViewController.swift; sourceTree = "<group>"; };
		4B7B08DB266E874A002661B7 /* Base */ = {isa = PBXFileReference; lastKnownFileType = file.storyboard; name = Base; path = Base.lproj/Main.storyboard; sourceTree = "<group>"; };
		4B7B08DD266E874B002661B7 /* Assets.xcassets */ = {isa = PBXFileReference; lastKnownFileType = folder.assetcatalog; path = Assets.xcassets; sourceTree = "<group>"; };
		4B7B08E0266E874B002661B7 /* Base */ = {isa = PBXFileReference; lastKnownFileType = file.storyboard; name = Base; path = Base.lproj/LaunchScreen.storyboard; sourceTree = "<group>"; };
		4B7B08E2266E874B002661B7 /* Info.plist */ = {isa = PBXFileReference; lastKnownFileType = text.plist.xml; path = Info.plist; sourceTree = "<group>"; };
		4B7B08E7266E874B002661B7 /* I am HamsterTests.xctest */ = {isa = PBXFileReference; explicitFileType = wrapper.cfbundle; includeInIndex = 0; path = "I am HamsterTests.xctest"; sourceTree = BUILT_PRODUCTS_DIR; };
		4B7B08EB266E874B002661B7 /* I_am_HamsterTests.swift */ = {isa = PBXFileReference; lastKnownFileType = sourcecode.swift; path = I_am_HamsterTests.swift; sourceTree = "<group>"; };
		4B7B08ED266E874B002661B7 /* Info.plist */ = {isa = PBXFileReference; lastKnownFileType = text.plist.xml; path = Info.plist; sourceTree = "<group>"; };
		4B7B08F2266E874B002661B7 /* I am HamsterUITests.xctest */ = {isa = PBXFileReference; explicitFileType = wrapper.cfbundle; includeInIndex = 0; path = "I am HamsterUITests.xctest"; sourceTree = BUILT_PRODUCTS_DIR; };
		4B7B08F6266E874B002661B7 /* I_am_HamsterUITests.swift */ = {isa = PBXFileReference; lastKnownFileType = sourcecode.swift; path = I_am_HamsterUITests.swift; sourceTree = "<group>"; };
		4B7B08F8266E874B002661B7 /* Info.plist */ = {isa = PBXFileReference; lastKnownFileType = text.plist.xml; path = Info.plist; sourceTree = "<group>"; };
/* End PBXFileReference section */

/* Begin PBXFrameworksBuildPhase section */
		4B7B08CE266E874A002661B7 /* Frameworks */ = {
			isa = PBXFrameworksBuildPhase;
			buildActionMask = 2147483647;
			files = (
			);
			runOnlyForDeploymentPostprocessing = 0;
		};
		4B7B08E4266E874B002661B7 /* Frameworks */ = {
			isa = PBXFrameworksBuildPhase;
			buildActionMask = 2147483647;
			files = (
			);
			runOnlyForDeploymentPostprocessing = 0;
		};
		4B7B08EF266E874B002661B7 /* Frameworks */ = {
			isa = PBXFrameworksBuildPhase;
			buildActionMask = 2147483647;
			files = (
			);
			runOnlyForDeploymentPostprocessing = 0;
		};
/* End PBXFrameworksBuildPhase section */

/* Begin PBXGroup section */
		4B7B08C8266E874A002661B7 = {
			isa = PBXGroup;
			children = (
				4B7B08D3266E874A002661B7 /* I am Hamster */,
				4B7B08EA266E874B002661B7 /* I am HamsterTests */,
				4B7B08F5266E874B002661B7 /* I am HamsterUITests */,
				4B7B08D2266E874A002661B7 /* Products */,
			);
			sourceTree = "<group>";
		};
		4B7B08D2266E874A002661B7 /* Products */ = {
			isa = PBXGroup;
			children = (
				4B7B08D1266E874A002661B7 /* I am Hamster.app */,
				4B7B08E7266E874B002661B7 /* I am HamsterTests.xctest */,
				4B7B08F2266E874B002661B7 /* I am HamsterUITests.xctest */,
			);
			name = Products;
			sourceTree = "<group>";
		};
		4B7B08D3266E874A002661B7 /* I am Hamster */ = {
			isa = PBXGroup;
			children = (
				4B7B08D4266E874A002661B7 /* AppDelegate.swift */,
				4B7B08D6266E874A002661B7 /* SceneDelegate.swift */,
				4B7B08D8266E874A002661B7 /* ViewController.swift */,
				4B7B08DA266E874A002661B7 /* Main.storyboard */,
				4B7B08DD266E874B002661B7 /* Assets.xcassets */,
				4B7B08DF266E874B002661B7 /* LaunchScreen.storyboard */,
				4B7B08E2266E874B002661B7 /* Info.plist */,
			);
			path = "I am Hamster";
			sourceTree = "<group>";
		};
		4B7B08EA266E874B002661B7 /* I am HamsterTests */ = {
			isa = PBXGroup;
			children = (
				4B7B08EB266E874B002661B7 /* I_am_HamsterTests.swift */,
				4B7B08ED266E874B002661B7 /* Info.plist */,
			);
			path = "I am HamsterTests";
			sourceTree = "<group>";
		};
		4B7B08F5266E874B002661B7 /* I am HamsterUITests */ = {
			isa = PBXGroup;
			children = (
				4B7B08F6266E874B002661B7 /* I_am_HamsterUITests.swift */,
				4B7B08F8266E874B002661B7 /* Info.plist */,
			);
			path = "I am HamsterUITests";
			sourceTree = "<group>";
		};
/* End PBXGroup section */

/* Begin PBXNativeTarget section */
		4B7B08D0266E874A002661B7 /* I am Hamster */ = {
			isa = PBXNativeTarget;
			buildConfigurationList = 4B7B08FB266E874B002661B7 /* Build configuration list for PBXNativeTarget "I am Hamster" */;
			buildPhases = (
				4B7B08CD266E874A002661B7 /* Sources */,
				4B7B08CE266E874A002661B7 /* Frameworks */,
				4B7B08CF266E874A002661B7 /* Resources */,
			);
			buildRules = (
			);
			dependencies = (
			);
			name = "I am Hamster";
			productName = "I am Hamster";
			productReference = 4B7B08D1266E874A002661B7 /* I am Hamster.app */;
			productType = "com.apple.product-type.application";
		};
		4B7B08E6266E874B002661B7 /* I am HamsterTests */ = {
			isa = PBXNativeTarget;
			buildConfigurationList = 4B7B08FE266E874B002661B7 /* Build configuration list for PBXNativeTarget "I am HamsterTests" */;
			buildPhases = (
				4B7B08E3266E874B002661B7 /* Sources */,
				4B7B08E4266E874B002661B7 /* Frameworks */,
				4B7B08E5266E874B002661B7 /* Resources */,
			);
			buildRules = (
			);
			dependencies = (
				4B7B08E9266E874B002661B7 /* PBXTargetDependency */,
			);
			name = "I am HamsterTests";
			productName = "I am HamsterTests";
			productReference = 4B7B08E7266E874B002661B7 /* I am HamsterTests.xctest */;
			productType = "com.apple.product-type.bundle.unit-test";
		};
		4B7B08F1266E874B002661B7 /* I am HamsterUITests */ = {
			isa = PBXNativeTarget;
			buildConfigurationList = 4B7B0901266E874B002661B7 /* Build configuration list for PBXNativeTarget "I am HamsterUITests" */;
			buildPhases = (
				4B7B08EE266E874B002661B7 /* Sources */,
				4B7B08EF266E874B002661B7 /* Frameworks */,
				4B7B08F0266E874B002661B7 /* Resources */,
			);
			buildRules = (
			);
			dependencies = (
				4B7B08F4266E874B002661B7 /* PBXTargetDependency */,
			);
			name = "I am HamsterUITests";
			productName = "I am HamsterUITests";
			productReference = 4B7B08F2266E874B002661B7 /* I am HamsterUITests.xctest */;
			productType = "com.apple.product-type.bundle.ui-testing";
		};
/* End PBXNativeTarget section */

/* Begin PBXProject section */
		4B7B08C9266E874A002661B7 /* Project object */ = {
			isa = PBXProject;
			attributes = {
				LastSwiftUpdateCheck = 1250;
				LastUpgradeCheck = 1250;
				TargetAttributes = {
					4B7B08D0266E874A002661B7 = {
						CreatedOnToolsVersion = 12.5;
					};
					4B7B08E6266E874B002661B7 = {
						CreatedOnToolsVersion = 12.5;
						TestTargetID = 4B7B08D0266E874A002661B7;
					};
					4B7B08F1266E874B002661B7 = {
						CreatedOnToolsVersion = 12.5;
						TestTargetID = 4B7B08D0266E874A002661B7;
					};
				};
			};
			buildConfigurationList = 4B7B08CC266E874A002661B7 /* Build configuration list for PBXProject "I am Hamster" */;
			compatibilityVersion = "Xcode 9.3";
			developmentRegion = en;
			hasScannedForEncodings = 0;
			knownRegions = (
				en,
				Base,
			);
			mainGroup = 4B7B08C8266E874A002661B7;
			productRefGroup = 4B7B08D2266E874A002661B7 /* Products */;
			projectDirPath = "";
			projectRoot = "";
			targets = (
				4B7B08D0266E874A002661B7 /* I am Hamster */,
				4B7B08E6266E874B002661B7 /* I am HamsterTests */,
				4B7B08F1266E874B002661B7 /* I am HamsterUITests */,
			);
		};
/* End PBXProject section */

/* Begin PBXResourcesBuildPhase section */
		4B7B08CF266E874A002661B7 /* Resources */ = {
			isa = PBXResourcesBuildPhase;
			buildActionMask = 2147483647;
			files = (
				4B7B08E1266E874B002661B7 /* LaunchScreen.storyboard in Resources */,
				4B7B08DE266E874B002661B7 /* Assets.xcassets in Resources */,
				4B7B08DC266E874A002661B7 /* Main.storyboard in Resources */,
			);
			runOnlyForDeploymentPostprocessing = 0;
		};
		4B7B08E5266E874B002661B7 /* Resources */ = {
			isa = PBXResourcesBuildPhase;
			buildActionMask = 2147483647;
			files = (
			);
			runOnlyForDeploymentPostprocessing = 0;
		};
		4B7B08F0266E874B002661B7 /* Resources */ = {
			isa = PBXResourcesBuildPhase;
			buildActionMask = 2147483647;
			files = (
			);
			runOnlyForDeploymentPostprocessing = 0;
		};
/* End PBXResourcesBuildPhase section */

/* Begin PBXSourcesBuildPhase section */
		4B7B08CD266E874A002661B7 /* Sources */ = {
			isa = PBXSourcesBuildPhase;
			buildActionMask = 2147483647;
			files = (
				4B7B08D9266E874A002661B7 /* ViewController.swift in Sources */,
				4B7B08D5266E874A002661B7 /* AppDelegate.swift in Sources */,
				4B7B08D7266E874A002661B7 /* SceneDelegate.swift in Sources */,
			);
			runOnlyForDeploymentPostprocessing = 0;
		};
		4B7B08E3266E874B002661B7 /* Sources */ = {
			isa = PBXSourcesBuildPhase;
			buildActionMask = 2147483647;
			files = (
				4B7B08EC266E874B002661B7 /* I_am_HamsterTests.swift in Sources */,
			);
			runOnlyForDeploymentPostprocessing = 0;
		};
		4B7B08EE266E874B002661B7 /* Sources */ = {
			isa = PBXSourcesBuildPhase;
			buildActionMask = 2147483647;
			files = (
				4B7B08F7266E874B002661B7 /* I_am_HamsterUITests.swift in Sources */,
			);
			runOnlyForDeploymentPostprocessing = 0;
		};
/* End PBXSourcesBuildPhase section */

/* Begin PBXTargetDependency section */
		4B7B08E9266E874B002661B7 /* PBXTargetDependency */ = {
			isa = PBXTargetDependency;
			target = 4B7B08D0266E874A002661B7 /* I am Hamster */;
			targetProxy = 4B7B08E8266E874B002661B7 /* PBXContainerItemProxy */;
		};
		4B7B08F4266E874B002661B7 /* PBXTargetDependency */ = {
			isa = PBXTargetDependency;
			target = 4B7B08D0266E874A002661B7 /* I am Hamster */;
			targetProxy = 4B7B08F3266E874B002661B7 /* PBXContainerItemProxy */;
		};
/* End PBXTargetDependency section */

/* Begin PBXVariantGroup section */
		4B7B08DA266E874A002661B7 /* Main.storyboard */ = {
			isa = PBXVariantGroup;
			children = (
				4B7B08DB266E874A002661B7 /* Base */,
			);
			name = Main.storyboard;
			sourceTree = "<group>";
		};
		4B7B08DF266E874B002661B7 /* LaunchScreen.storyboard */ = {
			isa = PBXVariantGroup;
			children = (
				4B7B08E0266E874B002661B7 /* Base */,
			);
			name = LaunchScreen.storyboard;
			sourceTree = "<group>";
		};
/* End PBXVariantGroup section */

/* Begin XCBuildConfiguration section */
		4B7B08F9266E874B002661B7 /* Debug */ = {
			isa = XCBuildConfiguration;
			buildSettings = {
				ALWAYS_SEARCH_USER_PATHS = NO;
				CLANG_ANALYZER_NONNULL = YES;
				CLANG_ANALYZER_NUMBER_OBJECT_CONVERSION = YES_AGGRESSIVE;
				CLANG_CXX_LANGUAGE_STANDARD = "gnu++14";
				CLANG_CXX_LIBRARY = "libc++";
				CLANG_ENABLE_MODULES = YES;
				CLANG_ENABLE_OBJC_ARC = YES;
				CLANG_ENABLE_OBJC_WEAK = YES;
				CLANG_WARN_BLOCK_CAPTURE_AUTORELEASING = YES;
				CLANG_WARN_BOOL_CONVERSION = YES;
				CLANG_WARN_COMMA = YES;
				CLANG_WARN_CONSTANT_CONVERSION = YES;
				CLANG_WARN_DEPRECATED_OBJC_IMPLEMENTATIONS = YES;
				CLANG_WARN_DIRECT_OBJC_ISA_USAGE = YES_ERROR;
				CLANG_WARN_DOCUMENTATION_COMMENTS = YES;
				CLANG_WARN_EMPTY_BODY = YES;
				CLANG_WARN_ENUM_CONVERSION = YES;
				CLANG_WARN_INFINITE_RECURSION = YES;
				CLANG_WARN_INT_CONVERSION = YES;
				CLANG_WARN_NON_LITERAL_NULL_CONVERSION = YES;
				CLANG_WARN_OBJC_IMPLICIT_RETAIN_SELF = YES;
				CLANG_WARN_OBJC_LITERAL_CONVERSION = YES;
				CLANG_WARN_OBJC_ROOT_CLASS = YES_ERROR;
				CLANG_WARN_QUOTED_INCLUDE_IN_FRAMEWORK_HEADER = YES;
				CLANG_WARN_RANGE_LOOP_ANALYSIS = YES;
				CLANG_WARN_STRICT_PROTOTYPES = YES;
				CLANG_WARN_SUSPICIOUS_MOVE = YES;
				CLANG_WARN_UNGUARDED_AVAILABILITY = YES_AGGRESSIVE;
				CLANG_WARN_UNREACHABLE_CODE = YES;
				CLANG_WARN__DUPLICATE_METHOD_MATCH = YES;
				COPY_PHASE_STRIP = NO;
				DEBUG_INFORMATION_FORMAT = dwarf;
				ENABLE_STRICT_OBJC_MSGSEND = YES;
				ENABLE_TESTABILITY = YES;
				GCC_C_LANGUAGE_STANDARD = gnu11;
				GCC_DYNAMIC_NO_PIC = NO;
				GCC_NO_COMMON_BLOCKS = YES;
				GCC_OPTIMIZATION_LEVEL = 0;
				GCC_PREPROCESSOR_DEFINITIONS = (
					"DEBUG=1",
					"$(inherited)",
				);
				GCC_WARN_64_TO_32_BIT_CONVERSION = YES;
				GCC_WARN_ABOUT_RETURN_TYPE = YES_ERROR;
				GCC_WARN_UNDECLARED_SELECTOR = YES;
				GCC_WARN_UNINITIALIZED_AUTOS = YES_AGGRESSIVE;
				GCC_WARN_UNUSED_FUNCTION = YES;
				GCC_WARN_UNUSED_VARIABLE = YES;
				IPHONEOS_DEPLOYMENT_TARGET = 14.5;
				MTL_ENABLE_DEBUG_INFO = INCLUDE_SOURCE;
				MTL_FAST_MATH = YES;
				ONLY_ACTIVE_ARCH = YES;
				SDKROOT = iphoneos;
				SWIFT_ACTIVE_COMPILATION_CONDITIONS = DEBUG;
				SWIFT_OPTIMIZATION_LEVEL = "-Onone";
			};
			name = Debug;
		};
		4B7B08FA266E874B002661B7 /* Release */ = {
			isa = XCBuildConfiguration;
			buildSettings = {
				ALWAYS_SEARCH_USER_PATHS = NO;
				CLANG_ANALYZER_NONNULL = YES;
				CLANG_ANALYZER_NUMBER_OBJECT_CONVERSION = YES_AGGRESSIVE;
				CLANG_CXX_LANGUAGE_STANDARD = "gnu++14";
				CLANG_CXX_LIBRARY = "libc++";
				CLANG_ENABLE_MODULES = YES;
				CLANG_ENABLE_OBJC_ARC = YES;
				CLANG_ENABLE_OBJC_WEAK = YES;
				CLANG_WARN_BLOCK_CAPTURE_AUTORELEASING = YES;
				CLANG_WARN_BOOL_CONVERSION = YES;
				CLANG_WARN_COMMA = YES;
				CLANG_WARN_CONSTANT_CONVERSION = YES;
				CLANG_WARN_DEPRECATED_OBJC_IMPLEMENTATIONS = YES;
				CLANG_WARN_DIRECT_OBJC_ISA_USAGE = YES_ERROR;
				CLANG_WARN_DOCUMENTATION_COMMENTS = YES;
				CLANG_WARN_EMPTY_BODY = YES;
				CLANG_WARN_ENUM_CONVERSION = YES;
				CLANG_WARN_INFINITE_RECURSION = YES;
				CLANG_WARN_INT_CONVERSION = YES;
				CLANG_WARN_NON_LITERAL_NULL_CONVERSION = YES;
				CLANG_WARN_OBJC_IMPLICIT_RETAIN_SELF = YES;
				CLANG_WARN_OBJC_LITERAL_CONVERSION = YES;
				CLANG_WARN_OBJC_ROOT_CLASS = YES_ERROR;
				CLANG_WARN_QUOTED_INCLUDE_IN_FRAMEWORK_HEADER = YES;
				CLANG_WARN_RANGE_LOOP_ANALYSIS = YES;
				CLANG_WARN_STRICT_PROTOTYPES = YES;
				CLANG_WARN_SUSPICIOUS_MOVE = YES;
				CLANG_WARN_UNGUARDED_AVAILABILITY = YES_AGGRESSIVE;
				CLANG_WARN_UNREACHABLE_CODE = YES;
				CLANG_WARN__DUPLICATE_METHOD_MATCH = YES;
				COPY_PHASE_STRIP = NO;
				DEBUG_INFORMATION_FORMAT = "dwarf-with-dsym";
				ENABLE_NS_ASSERTIONS = NO;
				ENABLE_STRICT_OBJC_MSGSEND = YES;
				GCC_C_LANGUAGE_STANDARD = gnu11;
				GCC_NO_COMMON_BLOCKS = YES;
				GCC_WARN_64_TO_32_BIT_CONVERSION = YES;
				GCC_WARN_ABOUT_RETURN_TYPE = YES_ERROR;
				GCC_WARN_UNDECLARED_SELECTOR = YES;
				GCC_WARN_UNINITIALIZED_AUTOS = YES_AGGRESSIVE;
				GCC_WARN_UNUSED_FUNCTION = YES;
				GCC_WARN_UNUSED_VARIABLE = YES;
				IPHONEOS_DEPLOYMENT_TARGET = 14.5;
				MTL_ENABLE_DEBUG_INFO = NO;
				MTL_FAST_MATH = YES;
				SDKROOT = iphoneos;
				SWIFT_COMPILATION_MODE = wholemodule;
				SWIFT_OPTIMIZATION_LEVEL = "-O";
				VALIDATE_PRODUCT = YES;
			};
			name = Release;
		};
		4B7B08FC266E874B002661B7 /* Debug */ = {
			isa = XCBuildConfiguration;
			buildSettings = {
				ASSETCATALOG_COMPILER_APPICON_NAME = AppIcon;
				ASSETCATALOG_COMPILER_GLOBAL_ACCENT_COLOR_NAME = AccentColor;
				CODE_SIGN_STYLE = Automatic;
				INFOPLIST_FILE = "I am Hamster/Info.plist";
				LD_RUNPATH_SEARCH_PATHS = (
					"$(inherited)",
					"@executable_path/Frameworks",
				);
				PRODUCT_BUNDLE_IDENTIFIER = "com.wiwisun.I-am-Hamster";
				PRODUCT_NAME = "$(TARGET_NAME)";
				SWIFT_VERSION = 5.0;
				TARGETED_DEVICE_FAMILY = "1,2";
			};
			name = Debug;
		};
		4B7B08FD266E874B002661B7 /* Release */ = {
			isa = XCBuildConfiguration;
			buildSettings = {
				ASSETCATALOG_COMPILER_APPICON_NAME = AppIcon;
				ASSETCATALOG_COMPILER_GLOBAL_ACCENT_COLOR_NAME = AccentColor;
				CODE_SIGN_STYLE = Automatic;
				INFOPLIST_FILE = "I am Hamster/Info.plist";
				LD_RUNPATH_SEARCH_PATHS = (
					"$(inherited)",
					"@executable_path/Frameworks",
				);
				PRODUCT_BUNDLE_IDENTIFIER = "com.wiwisun.I-am-Hamster";
				PRODUCT_NAME = "$(TARGET_NAME)";
				SWIFT_VERSION = 5.0;
				TARGETED_DEVICE_FAMILY = "1,2";
			};
			name = Release;
		};
		4B7B08FF266E874B002661B7 /* Debug */ = {
			isa = XCBuildConfiguration;
			buildSettings = {
				ALWAYS_EMBED_SWIFT_STANDARD_LIBRARIES = YES;
				BUNDLE_LOADER = "$(TEST_HOST)";
				CODE_SIGN_STYLE = Automatic;
				INFOPLIST_FILE = "I am HamsterTests/Info.plist";
				IPHONEOS_DEPLOYMENT_TARGET = 14.5;
				LD_RUNPATH_SEARCH_PATHS = (
					"$(inherited)",
					"@executable_path/Frameworks",
					"@loader_path/Frameworks",
				);
				PRODUCT_BUNDLE_IDENTIFIER = "com.wiwisun.I-am-HamsterTests";
				PRODUCT_NAME = "$(TARGET_NAME)";
				SWIFT_VERSION = 5.0;
				TARGETED_DEVICE_FAMILY = "1,2";
				TEST_HOST = "$(BUILT_PRODUCTS_DIR)/I am Hamster.app/I am Hamster";
			};
			name = Debug;
		};
		4B7B0900266E874B002661B7 /* Release */ = {
			isa = XCBuildConfiguration;
			buildSettings = {
				ALWAYS_EMBED_SWIFT_STANDARD_LIBRARIES = YES;
				BUNDLE_LOADER = "$(TEST_HOST)";
				CODE_SIGN_STYLE = Automatic;
				INFOPLIST_FILE = "I am HamsterTests/Info.plist";
				IPHONEOS_DEPLOYMENT_TARGET = 14.5;
				LD_RUNPATH_SEARCH_PATHS = (
					"$(inherited)",
					"@executable_path/Frameworks",
					"@loader_path/Frameworks",
				);
				PRODUCT_BUNDLE_IDENTIFIER = "com.wiwisun.I-am-HamsterTests";
				PRODUCT_NAME = "$(TARGET_NAME)";
				SWIFT_VERSION = 5.0;
				TARGETED_DEVICE_FAMILY = "1,2";
				TEST_HOST = "$(BUILT_PRODUCTS_DIR)/I am Hamster.app/I am Hamster";
			};
			name = Release;
		};
		4B7B0902266E874B002661B7 /* Debug */ = {
			isa = XCBuildConfiguration;
			buildSettings = {
				ALWAYS_EMBED_SWIFT_STANDARD_LIBRARIES = YES;
				CODE_SIGN_STYLE = Automatic;
				INFOPLIST_FILE = "I am HamsterUITests/Info.plist";
				LD_RUNPATH_SEARCH_PATHS = (
					"$(inherited)",
					"@executable_path/Frameworks",
					"@loader_path/Frameworks",
				);
				PRODUCT_BUNDLE_IDENTIFIER = "com.wiwisun.I-am-HamsterUITests";
				PRODUCT_NAME = "$(TARGET_NAME)";
				SWIFT_VERSION = 5.0;
				TARGETED_DEVICE_FAMILY = "1,2";
				TEST_TARGET_NAME = "I am Hamster";
			};
			name = Debug;
		};
		4B7B0903266E874B002661B7 /* Release */ = {
			isa = XCBuildConfiguration;
			buildSettings = {
				ALWAYS_EMBED_SWIFT_STANDARD_LIBRARIES = YES;
				CODE_SIGN_STYLE = Automatic;
				INFOPLIST_FILE = "I am HamsterUITests/Info.plist";
				LD_RUNPATH_SEARCH_PATHS = (
					"$(inherited)",
					"@executable_path/Frameworks",
					"@loader_path/Frameworks",
				);
				PRODUCT_BUNDLE_IDENTIFIER = "com.wiwisun.I-am-HamsterUITests";
				PRODUCT_NAME = "$(TARGET_NAME)";
				SWIFT_VERSION = 5.0;
				TARGETED_DEVICE_FAMILY = "1,2";
				TEST_TARGET_NAME = "I am Hamster";
			};
			name = Release;
		};
/* End XCBuildConfiguration section */

/* Begin XCConfigurationList section */
		4B7B08CC266E874A002661B7 /* Build configuration list for PBXProject "I am Hamster" */ = {
			isa = XCConfigurationList;
			buildConfigurations = (
				4B7B08F9266E874B002661B7 /* Debug */,
				4B7B08FA266E874B002661B7 /* Release */,
			);
			defaultConfigurationIsVisible = 0;
			defaultConfigurationName = Release;
		};
		4B7B08FB266E874B002661B7 /* Build configuration list for PBXNativeTarget "I am Hamster" */ = {
			isa = XCConfigurationList;
			buildConfigurations = (
				4B7B08FC266E874B002661B7 /* Debug */,
				4B7B08FD266E874B002661B7 /* Release */,
			);
			defaultConfigurationIsVisible = 0;
			defaultConfigurationName = Release;
		};
		4B7B08FE266E874B002661B7 /* Build configuration list for PBXNativeTarget "I am HamsterTests" */ = {
			isa = XCConfigurationList;
			buildConfigurations = (
				4B7B08FF266E874B002661B7 /* Debug */,
				4B7B0900266E874B002661B7 /* Release */,
			);
			defaultConfigurationIsVisible = 0;
			defaultConfigurationName = Release;
		};
		4B7B0901266E874B002661B7 /* Build configuration list for PBXNativeTarget "I am HamsterUITests" */ = {
			isa = XCConfigurationList;
			buildConfigurations = (
				4B7B0902266E874B002661B7 /* Debug */,
				4B7B0903266E874B002661B7 /* Release */,
			);
			defaultConfigurationIsVisible = 0;
			defaultConfigurationName = Release;
		};
/* End XCConfigurationList section */
	};
	rootObject = 4B7B08C9266E874A002661B7 /* Project object */;
}
